{
  "name": "umapasta",
  "version": "1.0.0",
  "lockfileVersion": 2,
  "requires": true,
  "packages": {
    "": {
      "name": "umapasta",
      "version": "1.0.0",
      "license": "MIT",
      "dependencies": {
        "@emailjs/browser": "^3.3.1"
      }
    },
    "node_modules/@emailjs/browser": {
      "version": "3.3.1",
      "resolved": "https://registry.npmjs.org/@emailjs/browser/-/browser-3.3.1.tgz",
      "integrity": "sha512-hFoz5GHlaR7Wh/C6XaoZflX3UH3/Evev3y00S3jgLROMwKV+/Yu41muIpB5f755XGDnK7LT++KdMO6MOa2cAOQ==",
      "engines": {
        "node": ">=16.0.0"
      }
    }
  },
  "dependencies": {
    "@emailjs/browser": {
      "version": "3.3.1",
      "resolved": "https://registry.npmjs.org/@emailjs/browser/-/browser-3.3.1.tgz",
      "integrity": "sha512-hFoz5GHlaR7Wh/C6XaoZflX3UH3/Evev3y00S3jgLROMwKV+/Yu41muIpB5f755XGDnK7LT++KdMO6MOa2cAOQ=="
    }
  }
}
